// !$*UTF8*$!
{
	archiveVersion = 1;
	classes = {
	};
	objectVersion = 77;
	objects = {

/* Begin PBXBuildFile section */
		8835290B2DAD10B5006CB9BC /* PanModal in Frameworks */ = {isa = PBXBuildFile; productRef = 8835290A2DAD10B5006CB9BC /* PanModal */; };
		887511512DA6734A00450B37 /* IQKeyboardManagerSwift in Frameworks */ = {isa = PBXBuildFile; productRef = 887511502DA6734A00450B37 /* IQKeyboardManagerSwift */; };
		887511542DA6739700450B37 /* SVProgressHUD in Frameworks */ = {isa = PBXBuildFile; productRef = 887511532DA6739700450B37 /* SVProgressHUD */; };
		978767BCDF9B0CF42EBBEFBD /* Pods_SmartAccess.framework in Frameworks */ = {isa = PBXBuildFile; fileRef = 439954D9602FAF95A24C19C7 /* Pods_SmartAccess.framework */; };
/* End PBXBuildFile section */

/* Begin PBXContainerItemProxy section */
		88F24E972D9EE91C00E3ADAA /* PBXContainerItemProxy */ = {
			isa = PBXContainerItemProxy;
			containerPortal = 88D9A8342D9CFBF1005485A6 /* Project object */;
			proxyType = 1;
			remoteGlobalIDString = 88D9A83B2D9CFBF2005485A6;
			remoteInfo = SmartAccess;
		};
/* End PBXContainerItemProxy section */

/* Begin PBXFileReference section */
		28DB2A87BEDED3E1F77B9BA9 /* Pods-SmartAccess.release.xcconfig */ = {isa = PBXFileReference; includeInIndex = 1; lastKnownFileType = text.xcconfig; name = "Pods-SmartAccess.release.xcconfig"; path = "Target Support Files/Pods-SmartAccess/Pods-SmartAccess.release.xcconfig"; sourceTree = "<group>"; };
		439954D9602FAF95A24C19C7 /* Pods_SmartAccess.framework */ = {isa = PBXFileReference; explicitFileType = wrapper.framework; includeInIndex = 0; path = Pods_SmartAccess.framework; sourceTree = BUILT_PRODUCTS_DIR; };
		88D9A83C2D9CFBF2005485A6 /* SmartAccess.app */ = {isa = PBXFileReference; explicitFileType = wrapper.application; includeInIndex = 0; path = SmartAccess.app; sourceTree = BUILT_PRODUCTS_DIR; };
		88F24E932D9EE91C00E3ADAA /* SmartAccessTests.xctest */ = {isa = PBXFileReference; explicitFileType = wrapper.cfbundle; includeInIndex = 0; path = SmartAccessTests.xctest; sourceTree = BUILT_PRODUCTS_DIR; };
		A624819300C9B2EC455D181B /* Pods-SmartAccess.debug.xcconfig */ = {isa = PBXFileReference; includeInIndex = 1; lastKnownFileType = text.xcconfig; name = "Pods-SmartAccess.debug.xcconfig"; path = "Target Support Files/Pods-SmartAccess/Pods-SmartAccess.debug.xcconfig"; sourceTree = "<group>"; };
/* End PBXFileReference section */

/* Begin PBXFileSystemSynchronizedBuildFileExceptionSet section */
		88D9A8512D9CFBF4005485A6 /* Exceptions for "SmartAccess" folder in "SmartAccess" target */ = {
			isa = PBXFileSystemSynchronizedBuildFileExceptionSet;
			membershipExceptions = (
				Info.plist,
			);
			target = 88D9A83B2D9CFBF2005485A6 /* SmartAccess */;
		};
/* End PBXFileSystemSynchronizedBuildFileExceptionSet section */

/* Begin PBXFileSystemSynchronizedRootGroup section */
		88D9A83E2D9CFBF2005485A6 /* SmartAccess */ = {
			isa = PBXFileSystemSynchronizedRootGroup;
			exceptions = (
				88D9A8512D9CFBF4005485A6 /* Exceptions for "SmartAccess" folder in "SmartAccess" target */,
			);
			path = SmartAccess;
			sourceTree = "<group>";
		};
		88F24E942D9EE91C00E3ADAA /* SmartAccessTests */ = {
			isa = PBXFileSystemSynchronizedRootGroup;
			path = SmartAccessTests;
			sourceTree = "<group>";
		};
/* End PBXFileSystemSynchronizedRootGroup section */

/* Begin PBXFrameworksBuildPhase section */
		88D9A8392D9CFBF2005485A6 /* Frameworks */ = {
			isa = PBXFrameworksBuildPhase;
			buildActionMask = 2147483647;
			files = (
				8835290B2DAD10B5006CB9BC /* PanModal in Frameworks */,
				887511542DA6739700450B37 /* SVProgressHUD in Frameworks */,
				978767BCDF9B0CF42EBBEFBD /* Pods_SmartAccess.framework in Frameworks */,
				887511512DA6734A00450B37 /* IQKeyboardManagerSwift in Frameworks */,
			);
			runOnlyForDeploymentPostprocessing = 0;
		};
		88F24E902D9EE91C00E3ADAA /* Frameworks */ = {
			isa = PBXFrameworksBuildPhase;
			buildActionMask = 2147483647;
			files = (
			);
			runOnlyForDeploymentPostprocessing = 0;
		};
/* End PBXFrameworksBuildPhase section */

/* Begin PBXGroup section */
		27CF1165F600209FEFBEF3F4 /* Pods */ = {
			isa = PBXGroup;
			children = (
				A624819300C9B2EC455D181B /* Pods-SmartAccess.debug.xcconfig */,
				28DB2A87BEDED3E1F77B9BA9 /* Pods-SmartAccess.release.xcconfig */,
			);
			path = Pods;
			sourceTree = "<group>";
		};
		59E930CA4267EB5EA6264E6F /* Frameworks */ = {
			isa = PBXGroup;
			children = (
				439954D9602FAF95A24C19C7 /* Pods_SmartAccess.framework */,
			);
			name = Frameworks;
			sourceTree = "<group>";
		};
		88D9A8332D9CFBF1005485A6 = {
			isa = PBXGroup;
			children = (
				88D9A83E2D9CFBF2005485A6 /* SmartAccess */,
				88F24E942D9EE91C00E3ADAA /* SmartAccessTests */,
				88D9A83D2D9CFBF2005485A6 /* Products */,
				27CF1165F600209FEFBEF3F4 /* Pods */,
				59E930CA4267EB5EA6264E6F /* Frameworks */,
			);
			sourceTree = "<group>";
		};
		88D9A83D2D9CFBF2005485A6 /* Products */ = {
			isa = PBXGroup;
			children = (
				88D9A83C2D9CFBF2005485A6 /* SmartAccess.app */,
				88F24E932D9EE91C00E3ADAA /* SmartAccessTests.xctest */,
			);
			name = Products;
			sourceTree = "<group>";
		};
/* End PBXGroup section */

/* Begin PBXNativeTarget section */
		88D9A83B2D9CFBF2005485A6 /* SmartAccess */ = {
			isa = PBXNativeTarget;
			buildConfigurationList = 88D9A8522D9CFBF4005485A6 /* Build configuration list for PBXNativeTarget "SmartAccess" */;
			buildPhases = (
				8424AA573E473DA4CCED5FD2 /* [CP] Check Pods Manifest.lock */,
				88D9A8382D9CFBF2005485A6 /* Sources */,
				88D9A8392D9CFBF2005485A6 /* Frameworks */,
				88D9A83A2D9CFBF2005485A6 /* Resources */,
			);
			buildRules = (
			);
			dependencies = (
			);
			fileSystemSynchronizedGroups = (
				88D9A83E2D9CFBF2005485A6 /* SmartAccess */,
			);
			name = SmartAccess;
			productName = SmartAccess;
			productReference = 88D9A83C2D9CFBF2005485A6 /* SmartAccess.app */;
			productType = "com.apple.product-type.application";
		};
		88F24E922D9EE91C00E3ADAA /* SmartAccessTests */ = {
			isa = PBXNativeTarget;
			buildConfigurationList = 88F24E992D9EE91D00E3ADAA /* Build configuration list for PBXNativeTarget "SmartAccessTests" */;
			buildPhases = (
				88F24E8F2D9EE91C00E3ADAA /* Sources */,
				88F24E902D9EE91C00E3ADAA /* Frameworks */,
				88F24E912D9EE91C00E3ADAA /* Resources */,
			);
			buildRules = (
			);
			dependencies = (
				88F24E982D9EE91C00E3ADAA /* PBXTargetDependency */,
			);
			fileSystemSynchronizedGroups = (
				88F24E942D9EE91C00E3ADAA /* SmartAccessTests */,
			);
			name = SmartAccessTests;
			packageProductDependencies = (
			);
			productName = SmartAccessTests;
			productReference = 88F24E932D9EE91C00E3ADAA /* SmartAccessTests.xctest */;
			productType = "com.apple.product-type.bundle.unit-test";
		};
/* End PBXNativeTarget section */

/* Begin PBXProject section */
		88D9A8342D9CFBF1005485A6 /* Project object */ = {
			isa = PBXProject;
			attributes = {
				BuildIndependentTargetsInParallel = 1;
				LastSwiftUpdateCheck = 1610;
				LastUpgradeCheck = 1610;
				TargetAttributes = {
					88D9A83B2D9CFBF2005485A6 = {
						CreatedOnToolsVersion = 16.1;
					};
					88F24E922D9EE91C00E3ADAA = {
						CreatedOnToolsVersion = 16.1;
						TestTargetID = 88D9A83B2D9CFBF2005485A6;
					};
				};
			};
			buildConfigurationList = 88D9A8372D9CFBF1005485A6 /* Build configuration list for PBXProject "SmartAccess" */;
			developmentRegion = en;
			hasScannedForEncodings = 0;
			knownRegions = (
				en,
				Base,
			);
			mainGroup = 88D9A8332D9CFBF1005485A6;
			minimizedProjectReferenceProxies = 1;
			packageReferences = (
				88813E952DA587FE0032EF37 /* XCRemoteSwiftPackageReference "IQKeyboardManager" */,
				887511522DA6739700450B37 /* XCRemoteSwiftPackageReference "SVProgressHUD" */,
				883529092DAD10B5006CB9BC /* XCRemoteSwiftPackageReference "PanModal" */,
			);
			preferredProjectObjectVersion = 77;
			productRefGroup = 88D9A83D2D9CFBF2005485A6 /* Products */;
			projectDirPath = "";
			projectRoot = "";
			targets = (
				88D9A83B2D9CFBF2005485A6 /* SmartAccess */,
				88F24E922D9EE91C00E3ADAA /* SmartAccessTests */,
			);
		};
/* End PBXProject section */

/* Begin PBXResourcesBuildPhase section */
		88D9A83A2D9CFBF2005485A6 /* Resources */ = {
			isa = PBXResourcesBuildPhase;
			buildActionMask = 2147483647;
			files = (
			);
			runOnlyForDeploymentPostprocessing = 0;
		};
		88F24E912D9EE91C00E3ADAA /* Resources */ = {
			isa = PBXResourcesBuildPhase;
			buildActionMask = 2147483647;
			files = (
			);
			runOnlyForDeploymentPostprocessing = 0;
		};
/* End PBXResourcesBuildPhase section */

/* Begin PBXShellScriptBuildPhase section */
		8424AA573E473DA4CCED5FD2 /* [CP] Check Pods Manifest.lock */ = {
			isa = PBXShellScriptBuildPhase;
			buildActionMask = 2147483647;
			files = (
			);
			inputFileListPaths = (
			);
			inputPaths = (
				"${PODS_PODFILE_DIR_PATH}/Podfile.lock",
				"${PODS_ROOT}/Manifest.lock",
			);
			name = "[CP] Check Pods Manifest.lock";
			outputFileListPaths = (
			);
			outputPaths = (
				"$(DERIVED_FILE_DIR)/Pods-SmartAccess-checkManifestLockResult.txt",
			);
			runOnlyForDeploymentPostprocessing = 0;
			shellPath = /bin/sh;
			shellScript = "diff \"${PODS_PODFILE_DIR_PATH}/Podfile.lock\" \"${PODS_ROOT}/Manifest.lock\" > /dev/null\nif [ $? != 0 ] ; then\n    # print error to STDERR\n    echo \"error: The sandbox is not in sync with the Podfile.lock. Run 'pod install' or update your CocoaPods installation.\" >&2\n    exit 1\nfi\n# This output is used by Xcode 'outputs' to avoid re-running this script phase.\necho \"SUCCESS\" > \"${SCRIPT_OUTPUT_FILE_0}\"\n";
			showEnvVarsInLog = 0;
		};
/* End PBXShellScriptBuildPhase section */

/* Begin PBXSourcesBuildPhase section */
		88D9A8382D9CFBF2005485A6 /* Sources */ = {
			isa = PBXSourcesBuildPhase;
			buildActionMask = 2147483647;
			files = (
			);
			runOnlyForDeploymentPostprocessing = 0;
		};
		88F24E8F2D9EE91C00E3ADAA /* Sources */ = {
			isa = PBXSourcesBuildPhase;
			buildActionMask = 2147483647;
			files = (
			);
			runOnlyForDeploymentPostprocessing = 0;
		};
/* End PBXSourcesBuildPhase section */

/* Begin PBXTargetDependency section */
		88F24E982D9EE91C00E3ADAA /* PBXTargetDependency */ = {
			isa = PBXTargetDependency;
			target = 88D9A83B2D9CFBF2005485A6 /* SmartAccess */;
			targetProxy = 88F24E972D9EE91C00E3ADAA /* PBXContainerItemProxy */;
		};
/* End PBXTargetDependency section */

/* Begin XCBuildConfiguration section */
		88D9A8532D9CFBF4005485A6 /* Debug */ = {
			isa = XCBuildConfiguration;
			baseConfigurationReferenceAnchor = 88D9A83E2D9CFBF2005485A6 /* SmartAccess */;
			baseConfigurationReferenceRelativePath = BuildConfig/Debug.xcconfig;
			buildSettings = {
				ASSETCATALOG_COMPILER_APPICON_NAME = AppIcon;
				ASSETCATALOG_COMPILER_GLOBAL_ACCENT_COLOR_NAME = AccentColor;
				CODE_SIGN_STYLE = Automatic;
				CURRENT_PROJECT_VERSION = 1;
				DEVELOPMENT_TEAM = 2DC96B9Q8N;
				GENERATE_INFOPLIST_FILE = YES;
				INFOPLIST_FILE = SmartAccess/Info.plist;
				INFOPLIST_KEY_CFBundleDisplayName = "$(APP_NAME)";
				INFOPLIST_KEY_NSCameraUsageDescription = "We need access to the camera to detect face and blinking";
				INFOPLIST_KEY_UIApplicationSupportsIndirectInputEvents = YES;
				INFOPLIST_KEY_UILaunchStoryboardName = LaunchScreen;
				INFOPLIST_KEY_UIMainStoryboardFile = Main;
				INFOPLIST_KEY_UISupportedInterfaceOrientations_iPad = "UIInterfaceOrientationLandscapeLeft UIInterfaceOrientationLandscapeRight";
				INFOPLIST_KEY_UISupportedInterfaceOrientations_iPhone = "UIInterfaceOrientationPortrait UIInterfaceOrientationLandscapeLeft UIInterfaceOrientationLandscapeRight";
				INFOPLIST_KEY_UIUserInterfaceStyle = Light;
				LD_RUNPATH_SEARCH_PATHS = (
					"$(inherited)",
					"@executable_path/Frameworks",
				);
				MARKETING_VERSION = 1.0;
				PRODUCT_BUNDLE_IDENTIFIER = com.app.hsense;
				PRODUCT_NAME = "$(TARGET_NAME)";
				SWIFT_EMIT_LOC_STRINGS = YES;
				SWIFT_VERSION = 5.0;
				TARGETED_DEVICE_FAMILY = "1,2";
			};
			name = Debug;
		};
		88D9A8542D9CFBF4005485A6 /* Release */ = {
			isa = XCBuildConfiguration;
			baseConfigurationReferenceAnchor = 88D9A83E2D9CFBF2005485A6 /* SmartAccess */;
			baseConfigurationReferenceRelativePath = BuildConfig/Release.xcconfig;
			buildSettings = {
				ASSETCATALOG_COMPILER_APPICON_NAME = AppIcon;
				ASSETCATALOG_COMPILER_GLOBAL_ACCENT_COLOR_NAME = AccentColor;
				CODE_SIGN_STYLE = Automatic;
				CURRENT_PROJECT_VERSION = 1;
				DEVELOPMENT_TEAM = 2DC96B9Q8N;
				GENERATE_INFOPLIST_FILE = YES;
				INFOPLIST_FILE = SmartAccess/Info.plist;
				INFOPLIST_KEY_CFBundleDisplayName = "$(APP_NAME)";
				INFOPLIST_KEY_NSCameraUsageDescription = "We need access to the camera to detect face and blinking";
				INFOPLIST_KEY_UIApplicationSupportsIndirectInputEvents = YES;
				INFOPLIST_KEY_UILaunchStoryboardName = LaunchScreen;
				INFOPLIST_KEY_UIMainStoryboardFile = Main;
				INFOPLIST_KEY_UISupportedInterfaceOrientations_iPad = "UIInterfaceOrientationLandscapeLeft UIInterfaceOrientationLandscapeRight";
				INFOPLIST_KEY_UISupportedInterfaceOrientations_iPhone = "UIInterfaceOrientationPortrait UIInterfaceOrientationLandscapeLeft UIInterfaceOrientationLandscapeRight";
				INFOPLIST_KEY_UIUserInterfaceStyle = Light;
				LD_RUNPATH_SEARCH_PATHS = (
					"$(inherited)",
					"@executable_path/Frameworks",
				);
				MARKETING_VERSION = 1.0;
				PRODUCT_BUNDLE_IDENTIFIER = com.app.hsense;
				PRODUCT_NAME = "$(TARGET_NAME)";
				SWIFT_EMIT_LOC_STRINGS = YES;
				SWIFT_VERSION = 5.0;
				TARGETED_DEVICE_FAMILY = "1,2";
			};
			name = Release;
		};
		88D9A8552D9CFBF4005485A6 /* Debug */ = {
			isa = XCBuildConfiguration;
			buildSettings = {
				ALWAYS_SEARCH_USER_PATHS = NO;
				ASSETCATALOG_COMPILER_GENERATE_SWIFT_ASSET_SYMBOL_EXTENSIONS = YES;
				CLANG_ANALYZER_NONNULL = YES;
				CLANG_ANALYZER_NUMBER_OBJECT_CONVERSION = YES_AGGRESSIVE;
				CLANG_CXX_LANGUAGE_STANDARD = "gnu++20";
				CLANG_ENABLE_MODULES = YES;
				CLANG_ENABLE_OBJC_ARC = YES;
				CLANG_ENABLE_OBJC_WEAK = YES;
				CLANG_WARN_BLOCK_CAPTURE_AUTORELEASING = YES;
				CLANG_WARN_BOOL_CONVERSION = YES;
				CLANG_WARN_COMMA = YES;
				CLANG_WARN_CONSTANT_CONVERSION = YES;
				CLANG_WARN_DEPRECATED_OBJC_IMPLEMENTATIONS = YES;
				CLANG_WARN_DIRECT_OBJC_ISA_USAGE = YES_ERROR;
				CLANG_WARN_DOCUMENTATION_COMMENTS = YES;
				CLANG_WARN_EMPTY_BODY = YES;
				CLANG_WARN_ENUM_CONVERSION = YES;
				CLANG_WARN_INFINITE_RECURSION = YES;
				CLANG_WARN_INT_CONVERSION = YES;
				CLANG_WARN_NON_LITERAL_NULL_CONVERSION = YES;
				CLANG_WARN_OBJC_IMPLICIT_RETAIN_SELF = YES;
				CLANG_WARN_OBJC_LITERAL_CONVERSION = YES;
				CLANG_WARN_OBJC_ROOT_CLASS = YES_ERROR;
				CLANG_WARN_QUOTED_INCLUDE_IN_FRAMEWORK_HEADER = YES;
				CLANG_WARN_RANGE_LOOP_ANALYSIS = YES;
				CLANG_WARN_STRICT_PROTOTYPES = YES;
				CLANG_WARN_SUSPICIOUS_MOVE = YES;
				CLANG_WARN_UNGUARDED_AVAILABILITY = YES_AGGRESSIVE;
				CLANG_WARN_UNREACHABLE_CODE = YES;
				CLANG_WARN__DUPLICATE_METHOD_MATCH = YES;
				COPY_PHASE_STRIP = NO;
				DEBUG_INFORMATION_FORMAT = dwarf;
				ENABLE_STRICT_OBJC_MSGSEND = YES;
				ENABLE_TESTABILITY = YES;
				ENABLE_USER_SCRIPT_SANDBOXING = YES;
				GCC_C_LANGUAGE_STANDARD = gnu17;
				GCC_DYNAMIC_NO_PIC = NO;
				GCC_NO_COMMON_BLOCKS = YES;
				GCC_OPTIMIZATION_LEVEL = 0;
				GCC_PREPROCESSOR_DEFINITIONS = (
					"DEBUG=1",
					"$(inherited)",
				);
				GCC_WARN_64_TO_32_BIT_CONVERSION = YES;
				GCC_WARN_ABOUT_RETURN_TYPE = YES_ERROR;
				GCC_WARN_UNDECLARED_SELECTOR = YES;
				GCC_WARN_UNINITIALIZED_AUTOS = YES_AGGRESSIVE;
				GCC_WARN_UNUSED_FUNCTION = YES;
				GCC_WARN_UNUSED_VARIABLE = YES;
				IPHONEOS_DEPLOYMENT_TARGET = 18.1;
				LOCALIZATION_PREFERS_STRING_CATALOGS = YES;
				MTL_ENABLE_DEBUG_INFO = INCLUDE_SOURCE;
				MTL_FAST_MATH = YES;
				ONLY_ACTIVE_ARCH = YES;
				SDKROOT = iphoneos;
				SWIFT_ACTIVE_COMPILATION_CONDITIONS = "DEBUG $(inherited)";
				SWIFT_OPTIMIZATION_LEVEL = "-Onone";
			};
			name = Debug;
		};
		88D9A8562D9CFBF4005485A6 /* Release */ = {
			isa = XCBuildConfiguration;
			buildSettings = {
				ALWAYS_SEARCH_USER_PATHS = NO;
				ASSETCATALOG_COMPILER_GENERATE_SWIFT_ASSET_SYMBOL_EXTENSIONS = YES;
				CLANG_ANALYZER_NONNULL = YES;
				CLANG_ANALYZER_NUMBER_OBJECT_CONVERSION = YES_AGGRESSIVE;
				CLANG_CXX_LANGUAGE_STANDARD = "gnu++20";
				CLANG_ENABLE_MODULES = YES;
				CLANG_ENABLE_OBJC_ARC = YES;
				CLANG_ENABLE_OBJC_WEAK = YES;
				CLANG_WARN_BLOCK_CAPTURE_AUTORELEASING = YES;
				CLANG_WARN_BOOL_CONVERSION = YES;
				CLANG_WARN_COMMA = YES;
				CLANG_WARN_CONSTANT_CONVERSION = YES;
				CLANG_WARN_DEPRECATED_OBJC_IMPLEMENTATIONS = YES;
				CLANG_WARN_DIRECT_OBJC_ISA_USAGE = YES_ERROR;
				CLANG_WARN_DOCUMENTATION_COMMENTS = YES;
				CLANG_WARN_EMPTY_BODY = YES;
				CLANG_WARN_ENUM_CONVERSION = YES;
				CLANG_WARN_INFINITE_RECURSION = YES;
				CLANG_WARN_INT_CONVERSION = YES;
				CLANG_WARN_NON_LITERAL_NULL_CONVERSION = YES;
				CLANG_WARN_OBJC_IMPLICIT_RETAIN_SELF = YES;
				CLANG_WARN_OBJC_LITERAL_CONVERSION = YES;
				CLANG_WARN_OBJC_ROOT_CLASS = YES_ERROR;
				CLANG_WARN_QUOTED_INCLUDE_IN_FRAMEWORK_HEADER = YES;
				CLANG_WARN_RANGE_LOOP_ANALYSIS = YES;
				CLANG_WARN_STRICT_PROTOTYPES = YES;
				CLANG_WARN_SUSPICIOUS_MOVE = YES;
				CLANG_WARN_UNGUARDED_AVAILABILITY = YES_AGGRESSIVE;
				CLANG_WARN_UNREACHABLE_CODE = YES;
				CLANG_WARN__DUPLICATE_METHOD_MATCH = YES;
				COPY_PHASE_STRIP = NO;
				DEBUG_INFORMATION_FORMAT = "dwarf-with-dsym";
				ENABLE_NS_ASSERTIONS = NO;
				ENABLE_STRICT_OBJC_MSGSEND = YES;
				ENABLE_USER_SCRIPT_SANDBOXING = YES;
				GCC_C_LANGUAGE_STANDARD = gnu17;
				GCC_NO_COMMON_BLOCKS = YES;
				GCC_WARN_64_TO_32_BIT_CONVERSION = YES;
				GCC_WARN_ABOUT_RETURN_TYPE = YES_ERROR;
				GCC_WARN_UNDECLARED_SELECTOR = YES;
				GCC_WARN_UNINITIALIZED_AUTOS = YES_AGGRESSIVE;
				GCC_WARN_UNUSED_FUNCTION = YES;
				GCC_WARN_UNUSED_VARIABLE = YES;
				IPHONEOS_DEPLOYMENT_TARGET = 18.1;
				LOCALIZATION_PREFERS_STRING_CATALOGS = YES;
				MTL_ENABLE_DEBUG_INFO = NO;
				MTL_FAST_MATH = YES;
				SDKROOT = iphoneos;
				SWIFT_COMPILATION_MODE = wholemodule;
				VALIDATE_PRODUCT = YES;
			};
			name = Release;
		};
		88F24E9A2D9EE91D00E3ADAA /* Debug */ = {
			isa = XCBuildConfiguration;
			buildSettings = {
				BUNDLE_LOADER = "$(TEST_HOST)";
				CODE_SIGN_STYLE = Automatic;
				CURRENT_PROJECT_VERSION = 1;
				DEVELOPMENT_TEAM = 83BH34VXVD;
				GENERATE_INFOPLIST_FILE = YES;
				MARKETING_VERSION = 1.0;
				PRODUCT_BUNDLE_IDENTIFIER = com.app.smartaccess.SmartAccessTests;
				PRODUCT_NAME = "$(TARGET_NAME)";
				SWIFT_EMIT_LOC_STRINGS = NO;
				SWIFT_VERSION = 5.0;
				TARGETED_DEVICE_FAMILY = "1,2";
				TEST_HOST = "$(BUILT_PRODUCTS_DIR)/SmartAccess.app/$(BUNDLE_EXECUTABLE_FOLDER_PATH)/SmartAccess";
			};
			name = Debug;
		};
		88F24E9B2D9EE91D00E3ADAA /* Release */ = {
			isa = XCBuildConfiguration;
			buildSettings = {
				BUNDLE_LOADER = "$(TEST_HOST)";
				CODE_SIGN_STYLE = Automatic;
				CURRENT_PROJECT_VERSION = 1;
				DEVELOPMENT_TEAM = 83BH34VXVD;
				GENERATE_INFOPLIST_FILE = YES;
				MARKETING_VERSION = 1.0;
				PRODUCT_BUNDLE_IDENTIFIER = com.app.smartaccess.SmartAccessTests;
				PRODUCT_NAME = "$(TARGET_NAME)";
				SWIFT_EMIT_LOC_STRINGS = NO;
				SWIFT_VERSION = 5.0;
				TARGETED_DEVICE_FAMILY = "1,2";
				TEST_HOST = "$(BUILT_PRODUCTS_DIR)/SmartAccess.app/$(BUNDLE_EXECUTABLE_FOLDER_PATH)/SmartAccess";
			};
			name = Release;
		};
/* End XCBuildConfiguration section */

/* Begin XCConfigurationList section */
		88D9A8372D9CFBF1005485A6 /* Build configuration list for PBXProject "SmartAccess" */ = {
			isa = XCConfigurationList;
			buildConfigurations = (
				88D9A8552D9CFBF4005485A6 /* Debug */,
				88D9A8562D9CFBF4005485A6 /* Release */,
			);
			defaultConfigurationIsVisible = 0;
			defaultConfigurationName = Release;
		};
		88D9A8522D9CFBF4005485A6 /* Build configuration list for PBXNativeTarget "SmartAccess" */ = {
			isa = XCConfigurationList;
			buildConfigurations = (
				88D9A8532D9CFBF4005485A6 /* Debug */,
				88D9A8542D9CFBF4005485A6 /* Release */,
			);
			defaultConfigurationIsVisible = 0;
			defaultConfigurationName = Release;
		};
		88F24E992D9EE91D00E3ADAA /* Build configuration list for PBXNativeTarget "SmartAccessTests" */ = {
			isa = XCConfigurationList;
			buildConfigurations = (
				88F24E9A2D9EE91D00E3ADAA /* Debug */,
				88F24E9B2D9EE91D00E3ADAA /* Release */,
			);
			defaultConfigurationIsVisible = 0;
			defaultConfigurationName = Release;
		};
/* End XCConfigurationList section */

/* Begin XCRemoteSwiftPackageReference section */
		883529092DAD10B5006CB9BC /* XCRemoteSwiftPackageReference "PanModal" */ = {
			isa = XCRemoteSwiftPackageReference;
			repositoryURL = "https://github.com/slackhq/PanModal";
			requirement = {
				kind = upToNextMajorVersion;
				minimumVersion = 1.2.7;
			};
		};
		887511522DA6739700450B37 /* XCRemoteSwiftPackageReference "SVProgressHUD" */ = {
			isa = XCRemoteSwiftPackageReference;
			repositoryURL = "https://github.com/SVProgressHUD/SVProgressHUD";
			requirement = {
				kind = upToNextMajorVersion;
				minimumVersion = 2.3.1;
			};
		};
		88813E952DA587FE0032EF37 /* XCRemoteSwiftPackageReference "IQKeyboardManager" */ = {
			isa = XCRemoteSwiftPackageReference;
			repositoryURL = "https://github.com/hackiftekhar/IQKeyboardManager.git";
			requirement = {
				kind = upToNextMajorVersion;
				minimumVersion = 8.0.1;
			};
		};
/* End XCRemoteSwiftPackageReference section */

/* Begin XCSwiftPackageProductDependency section */
		8835290A2DAD10B5006CB9BC /* PanModal */ = {
			isa = XCSwiftPackageProductDependency;
			package = 883529092DAD10B5006CB9BC /* XCRemoteSwiftPackageReference "PanModal" */;
			productName = PanModal;
		};
		887511502DA6734A00450B37 /* IQKeyboardManagerSwift */ = {
			isa = XCSwiftPackageProductDependency;
			package = 88813E952DA587FE0032EF37 /* XCRemoteSwiftPackageReference "IQKeyboardManager" */;
			productName = IQKeyboardManagerSwift;
		};
		887511532DA6739700450B37 /* SVProgressHUD */ = {
			isa = XCSwiftPackageProductDependency;
			package = 887511522DA6739700450B37 /* XCRemoteSwiftPackageReference "SVProgressHUD" */;
			productName = SVProgressHUD;
		};
/* End XCSwiftPackageProductDependency section */
	};
	rootObject = 88D9A8342D9CFBF1005485A6 /* Project object */;
}
